// !$*UTF8*$!
{
	archiveVersion = 1;
	classes = {
	};
	objectVersion = 55;
	objects = {

/* Begin PBXBuildFile section */
		664EA79926FFC82200D41627 /* PhotoPickerListRowView.swift in Sources */ = {isa = PBXBuildFile; fileRef = 664EA79826FFC82200D41627 /* PhotoPickerListRowView.swift */; };
		664EA79B26FFCAC700D41627 /* PhotoPickerState.swift in Sources */ = {isa = PBXBuildFile; fileRef = 664EA79A26FFCAC700D41627 /* PhotoPickerState.swift */; };
		664EA7A72700C8F600D41627 /* exiftool in Resources */ = {isa = PBXBuildFile; fileRef = 664EA7A62700C8F600D41627 /* exiftool */; };
		664EA7A92700C93400D41627 /* ExifTool.swift in Sources */ = {isa = PBXBuildFile; fileRef = 664EA7A82700C93400D41627 /* ExifTool.swift */; };
		664EA7AB2700CC0900D41627 /* lib in Resources */ = {isa = PBXBuildFile; fileRef = 664EA7AA2700CC0900D41627 /* lib */; };
		664EA7AD2700D0CD00D41627 /* PreferencesView.swift in Sources */ = {isa = PBXBuildFile; fileRef = 664EA7AC2700D0CD00D41627 /* PreferencesView.swift */; };
		664EA7B02700D84100D41627 /* AddLensView.swift in Sources */ = {isa = PBXBuildFile; fileRef = 664EA7AF2700D84100D41627 /* AddLensView.swift */; };
		664EA7B22700D84B00D41627 /* Lens.swift in Sources */ = {isa = PBXBuildFile; fileRef = 664EA7B12700D84B00D41627 /* Lens.swift */; };
		664EA7B52700DE5F00D41627 /* Optional.swift in Sources */ = {isa = PBXBuildFile; fileRef = 664EA7B42700DE5F00D41627 /* Optional.swift */; };
		664EA7B72700DF6D00D41627 /* Array.swift in Sources */ = {isa = PBXBuildFile; fileRef = 664EA7B62700DF6D00D41627 /* Array.swift */; };
		664EA7C0270131F200D41627 /* ExifTool in Frameworks */ = {isa = PBXBuildFile; productRef = 664EA7BF270131F200D41627 /* ExifTool */; };
		669264B326FFB34A0095706E /* RAWExifApp.swift in Sources */ = {isa = PBXBuildFile; fileRef = 669264B226FFB34A0095706E /* RAWExifApp.swift */; };
		669264B526FFB34A0095706E /* ContentView.swift in Sources */ = {isa = PBXBuildFile; fileRef = 669264B426FFB34A0095706E /* ContentView.swift */; };
		669264B726FFB34C0095706E /* Assets.xcassets in Resources */ = {isa = PBXBuildFile; fileRef = 669264B626FFB34C0095706E /* Assets.xcassets */; };
		669264BA26FFB34C0095706E /* Preview Assets.xcassets in Resources */ = {isa = PBXBuildFile; fileRef = 669264B926FFB34C0095706E /* Preview Assets.xcassets */; };
		669264C426FFB48D0095706E /* PhotoPicker.swift in Sources */ = {isa = PBXBuildFile; fileRef = 669264C326FFB48D0095706E /* PhotoPicker.swift */; };
		669264C626FFB6200095706E /* PHAsset.swift in Sources */ = {isa = PBXBuildFile; fileRef = 669264C526FFB6200095706E /* PHAsset.swift */; };
/* End PBXBuildFile section */

/* Begin PBXFileReference section */
		664EA79826FFC82200D41627 /* PhotoPickerListRowView.swift */ = {isa = PBXFileReference; lastKnownFileType = sourcecode.swift; path = PhotoPickerListRowView.swift; sourceTree = "<group>"; };
		664EA79A26FFCAC700D41627 /* PhotoPickerState.swift */ = {isa = PBXFileReference; lastKnownFileType = sourcecode.swift; path = PhotoPickerState.swift; sourceTree = "<group>"; };
		664EA7A62700C8F600D41627 /* exiftool */ = {isa = PBXFileReference; fileEncoding = 4; lastKnownFileType = text.script.perl; path = exiftool; sourceTree = "<group>"; };
		664EA7A82700C93400D41627 /* ExifTool.swift */ = {isa = PBXFileReference; lastKnownFileType = sourcecode.swift; path = ExifTool.swift; sourceTree = "<group>"; };
		664EA7AA2700CC0900D41627 /* lib */ = {isa = PBXFileReference; lastKnownFileType = folder; path = lib; sourceTree = "<group>"; };
		664EA7AC2700D0CD00D41627 /* PreferencesView.swift */ = {isa = PBXFileReference; lastKnownFileType = sourcecode.swift; path = PreferencesView.swift; sourceTree = "<group>"; };
		664EA7AF2700D84100D41627 /* AddLensView.swift */ = {isa = PBXFileReference; lastKnownFileType = sourcecode.swift; path = AddLensView.swift; sourceTree = "<group>"; };
		664EA7B12700D84B00D41627 /* Lens.swift */ = {isa = PBXFileReference; lastKnownFileType = sourcecode.swift; path = Lens.swift; sourceTree = "<group>"; };
		664EA7B42700DE5F00D41627 /* Optional.swift */ = {isa = PBXFileReference; lastKnownFileType = sourcecode.swift; path = Optional.swift; sourceTree = "<group>"; };
		664EA7B62700DF6D00D41627 /* Array.swift */ = {isa = PBXFileReference; lastKnownFileType = sourcecode.swift; path = Array.swift; sourceTree = "<group>"; };
		669264AF26FFB34A0095706E /* RAWExif.app */ = {isa = PBXFileReference; explicitFileType = wrapper.application; includeInIndex = 0; path = RAWExif.app; sourceTree = BUILT_PRODUCTS_DIR; };
		669264B226FFB34A0095706E /* RAWExifApp.swift */ = {isa = PBXFileReference; lastKnownFileType = sourcecode.swift; path = RAWExifApp.swift; sourceTree = "<group>"; };
		669264B426FFB34A0095706E /* ContentView.swift */ = {isa = PBXFileReference; lastKnownFileType = sourcecode.swift; path = ContentView.swift; sourceTree = "<group>"; };
		669264B626FFB34C0095706E /* Assets.xcassets */ = {isa = PBXFileReference; lastKnownFileType = folder.assetcatalog; path = Assets.xcassets; sourceTree = "<group>"; };
		669264B926FFB34C0095706E /* Preview Assets.xcassets */ = {isa = PBXFileReference; lastKnownFileType = folder.assetcatalog; path = "Preview Assets.xcassets"; sourceTree = "<group>"; };
		669264BB26FFB34C0095706E /* RAWExif.entitlements */ = {isa = PBXFileReference; lastKnownFileType = text.plist.entitlements; path = RAWExif.entitlements; sourceTree = "<group>"; };
		669264C326FFB48D0095706E /* PhotoPicker.swift */ = {isa = PBXFileReference; lastKnownFileType = sourcecode.swift; path = PhotoPicker.swift; sourceTree = "<group>"; };
		669264C526FFB6200095706E /* PHAsset.swift */ = {isa = PBXFileReference; lastKnownFileType = sourcecode.swift; path = PHAsset.swift; sourceTree = "<group>"; };
/* End PBXFileReference section */

/* Begin PBXFrameworksBuildPhase section */
		669264AC26FFB34A0095706E /* Frameworks */ = {
			isa = PBXFrameworksBuildPhase;
			buildActionMask = 2147483647;
			files = (
				664EA7C0270131F200D41627 /* ExifTool in Frameworks */,
			);
			runOnlyForDeploymentPostprocessing = 0;
		};
/* End PBXFrameworksBuildPhase section */

/* Begin PBXGroup section */
		664EA79726FFC7C300D41627 /* Picker */ = {
			isa = PBXGroup;
			children = (
				669264C326FFB48D0095706E /* PhotoPicker.swift */,
				664EA79826FFC82200D41627 /* PhotoPickerListRowView.swift */,
				664EA79A26FFCAC700D41627 /* PhotoPickerState.swift */,
			);
			path = Picker;
			sourceTree = "<group>";
		};
		664EA7A52700C86800D41627 /* ExifTool */ = {
			isa = PBXGroup;
			children = (
				664EA7AA2700CC0900D41627 /* lib */,
				664EA7A62700C8F600D41627 /* exiftool */,
				664EA7A82700C93400D41627 /* ExifTool.swift */,
			);
			path = ExifTool;
			sourceTree = "<group>";
		};
		664EA7AE2700D82B00D41627 /* Preferences */ = {
			isa = PBXGroup;
			children = (
				664EA7AC2700D0CD00D41627 /* PreferencesView.swift */,
				664EA7AF2700D84100D41627 /* AddLensView.swift */,
				664EA7B12700D84B00D41627 /* Lens.swift */,
			);
			path = Preferences;
			sourceTree = "<group>";
		};
		664EA7B32700DE4B00D41627 /* Extensions */ = {
			isa = PBXGroup;
			children = (
				669264C526FFB6200095706E /* PHAsset.swift */,
				664EA7B42700DE5F00D41627 /* Optional.swift */,
				664EA7B62700DF6D00D41627 /* Array.swift */,
			);
			path = Extensions;
			sourceTree = "<group>";
		};
		669264A626FFB34A0095706E = {
			isa = PBXGroup;
			children = (
				669264B126FFB34A0095706E /* RAWExif */,
				669264B026FFB34A0095706E /* Products */,
				66E8238726FFBDFC009C1068 /* Frameworks */,
			);
			sourceTree = "<group>";
		};
		669264B026FFB34A0095706E /* Products */ = {
			isa = PBXGroup;
			children = (
				669264AF26FFB34A0095706E /* RAWExif.app */,
			);
			name = Products;
			sourceTree = "<group>";
		};
		669264B126FFB34A0095706E /* RAWExif */ = {
			isa = PBXGroup;
			children = (
				664EA7A52700C86800D41627 /* ExifTool */,
				664EA79726FFC7C300D41627 /* Picker */,
				664EA7AE2700D82B00D41627 /* Preferences */,
				669264B226FFB34A0095706E /* RAWExifApp.swift */,
				669264B426FFB34A0095706E /* ContentView.swift */,
				669264B626FFB34C0095706E /* Assets.xcassets */,
				669264BB26FFB34C0095706E /* RAWExif.entitlements */,
				664EA7B32700DE4B00D41627 /* Extensions */,
				669264B826FFB34C0095706E /* Preview Content */,
			);
			path = RAWExif;
			sourceTree = "<group>";
		};
		669264B826FFB34C0095706E /* Preview Content */ = {
			isa = PBXGroup;
			children = (
				669264B926FFB34C0095706E /* Preview Assets.xcassets */,
			);
			path = "Preview Content";
			sourceTree = "<group>";
		};
		66E8238726FFBDFC009C1068 /* Frameworks */ = {
			isa = PBXGroup;
			children = (
			);
			name = Frameworks;
			sourceTree = "<group>";
		};
/* End PBXGroup section */

/* Begin PBXNativeTarget section */
		669264AE26FFB34A0095706E /* RAWExif */ = {
			isa = PBXNativeTarget;
			buildConfigurationList = 669264BE26FFB34C0095706E /* Build configuration list for PBXNativeTarget "RAWExif" */;
			buildPhases = (
				669264AB26FFB34A0095706E /* Sources */,
				669264AC26FFB34A0095706E /* Frameworks */,
				669264AD26FFB34A0095706E /* Resources */,
			);
			buildRules = (
			);
			dependencies = (
			);
			name = RAWExif;
			packageProductDependencies = (
				664EA7BF270131F200D41627 /* ExifTool */,
			);
			productName = RAWExif;
			productReference = 669264AF26FFB34A0095706E /* RAWExif.app */;
			productType = "com.apple.product-type.application";
		};
/* End PBXNativeTarget section */

/* Begin PBXProject section */
		669264A726FFB34A0095706E /* Project object */ = {
			isa = PBXProject;
			attributes = {
				BuildIndependentTargetsInParallel = 1;
				LastSwiftUpdateCheck = 1300;
				LastUpgradeCheck = 1300;
				TargetAttributes = {
					669264AE26FFB34A0095706E = {
						CreatedOnToolsVersion = 13.0;
					};
				};
			};
			buildConfigurationList = 669264AA26FFB34A0095706E /* Build configuration list for PBXProject "RAWExif" */;
			compatibilityVersion = "Xcode 13.0";
			developmentRegion = en;
			hasScannedForEncodings = 0;
			knownRegions = (
				en,
				Base,
			);
			mainGroup = 669264A626FFB34A0095706E;
			packageReferences = (
				664EA7BE270131F200D41627 /* XCRemoteSwiftPackageReference "ExifTool" */,
			);
			productRefGroup = 669264B026FFB34A0095706E /* Products */;
			projectDirPath = "";
			projectRoot = "";
			targets = (
				669264AE26FFB34A0095706E /* RAWExif */,
			);
		};
/* End PBXProject section */

/* Begin PBXResourcesBuildPhase section */
		669264AD26FFB34A0095706E /* Resources */ = {
			isa = PBXResourcesBuildPhase;
			buildActionMask = 2147483647;
			files = (
				664EA7A72700C8F600D41627 /* exiftool in Resources */,
				669264BA26FFB34C0095706E /* Preview Assets.xcassets in Resources */,
				664EA7AB2700CC0900D41627 /* lib in Resources */,
				669264B726FFB34C0095706E /* Assets.xcassets in Resources */,
			);
			runOnlyForDeploymentPostprocessing = 0;
		};
/* End PBXResourcesBuildPhase section */

/* Begin PBXSourcesBuildPhase section */
		669264AB26FFB34A0095706E /* Sources */ = {
			isa = PBXSourcesBuildPhase;
			buildActionMask = 2147483647;
			files = (
				669264C426FFB48D0095706E /* PhotoPicker.swift in Sources */,
				664EA79926FFC82200D41627 /* PhotoPickerListRowView.swift in Sources */,
				664EA7A92700C93400D41627 /* ExifTool.swift in Sources */,
				664EA7B02700D84100D41627 /* AddLensView.swift in Sources */,
				664EA7AD2700D0CD00D41627 /* PreferencesView.swift in Sources */,
				669264C626FFB6200095706E /* PHAsset.swift in Sources */,
				669264B526FFB34A0095706E /* ContentView.swift in Sources */,
				669264B326FFB34A0095706E /* RAWExifApp.swift in Sources */,
				664EA7B72700DF6D00D41627 /* Array.swift in Sources */,
				664EA7B22700D84B00D41627 /* Lens.swift in Sources */,
				664EA79B26FFCAC700D41627 /* PhotoPickerState.swift in Sources */,
				664EA7B52700DE5F00D41627 /* Optional.swift in Sources */,
			);
			runOnlyForDeploymentPostprocessing = 0;
		};
/* End PBXSourcesBuildPhase section */

/* Begin XCBuildConfiguration section */
		669264BC26FFB34C0095706E /* Debug */ = {
			isa = XCBuildConfiguration;
			buildSettings = {
				ALWAYS_SEARCH_USER_PATHS = NO;
				CLANG_ANALYZER_NONNULL = YES;
				CLANG_ANALYZER_NUMBER_OBJECT_CONVERSION = YES_AGGRESSIVE;
				CLANG_CXX_LANGUAGE_STANDARD = "gnu++17";
				CLANG_CXX_LIBRARY = "libc++";
				CLANG_ENABLE_MODULES = YES;
				CLANG_ENABLE_OBJC_ARC = YES;
				CLANG_ENABLE_OBJC_WEAK = YES;
				CLANG_WARN_BLOCK_CAPTURE_AUTORELEASING = YES;
				CLANG_WARN_BOOL_CONVERSION = YES;
				CLANG_WARN_COMMA = YES;
				CLANG_WARN_CONSTANT_CONVERSION = YES;
				CLANG_WARN_DEPRECATED_OBJC_IMPLEMENTATIONS = YES;
				CLANG_WARN_DIRECT_OBJC_ISA_USAGE = YES_ERROR;
				CLANG_WARN_DOCUMENTATION_COMMENTS = YES;
				CLANG_WARN_EMPTY_BODY = YES;
				CLANG_WARN_ENUM_CONVERSION = YES;
				CLANG_WARN_INFINITE_RECURSION = YES;
				CLANG_WARN_INT_CONVERSION = YES;
				CLANG_WARN_NON_LITERAL_NULL_CONVERSION = YES;
				CLANG_WARN_OBJC_IMPLICIT_RETAIN_SELF = YES;
				CLANG_WARN_OBJC_LITERAL_CONVERSION = YES;
				CLANG_WARN_OBJC_ROOT_CLASS = YES_ERROR;
				CLANG_WARN_QUOTED_INCLUDE_IN_FRAMEWORK_HEADER = YES;
				CLANG_WARN_RANGE_LOOP_ANALYSIS = YES;
				CLANG_WARN_STRICT_PROTOTYPES = YES;
				CLANG_WARN_SUSPICIOUS_MOVE = YES;
				CLANG_WARN_UNGUARDED_AVAILABILITY = YES_AGGRESSIVE;
				CLANG_WARN_UNREACHABLE_CODE = YES;
				CLANG_WARN__DUPLICATE_METHOD_MATCH = YES;
				COPY_PHASE_STRIP = NO;
				DEBUG_INFORMATION_FORMAT = dwarf;
				ENABLE_STRICT_OBJC_MSGSEND = YES;
				ENABLE_TESTABILITY = YES;
				GCC_C_LANGUAGE_STANDARD = gnu11;
				GCC_DYNAMIC_NO_PIC = NO;
				GCC_NO_COMMON_BLOCKS = YES;
				GCC_OPTIMIZATION_LEVEL = 0;
				GCC_PREPROCESSOR_DEFINITIONS = (
					"DEBUG=1",
					"$(inherited)",
				);
				GCC_WARN_64_TO_32_BIT_CONVERSION = YES;
				GCC_WARN_ABOUT_RETURN_TYPE = YES_ERROR;
				GCC_WARN_UNDECLARED_SELECTOR = YES;
				GCC_WARN_UNINITIALIZED_AUTOS = YES_AGGRESSIVE;
				GCC_WARN_UNUSED_FUNCTION = YES;
				GCC_WARN_UNUSED_VARIABLE = YES;
				MACOSX_DEPLOYMENT_TARGET = 11.3;
				MTL_ENABLE_DEBUG_INFO = INCLUDE_SOURCE;
				MTL_FAST_MATH = YES;
				ONLY_ACTIVE_ARCH = YES;
				SDKROOT = macosx;
				SWIFT_ACTIVE_COMPILATION_CONDITIONS = DEBUG;
				SWIFT_OPTIMIZATION_LEVEL = "-Onone";
			};
			name = Debug;
		};
		669264BD26FFB34C0095706E /* Release */ = {
			isa = XCBuildConfiguration;
			buildSettings = {
				ALWAYS_SEARCH_USER_PATHS = NO;
				CLANG_ANALYZER_NONNULL = YES;
				CLANG_ANALYZER_NUMBER_OBJECT_CONVERSION = YES_AGGRESSIVE;
				CLANG_CXX_LANGUAGE_STANDARD = "gnu++17";
				CLANG_CXX_LIBRARY = "libc++";
				CLANG_ENABLE_MODULES = YES;
				CLANG_ENABLE_OBJC_ARC = YES;
				CLANG_ENABLE_OBJC_WEAK = YES;
				CLANG_WARN_BLOCK_CAPTURE_AUTORELEASING = YES;
				CLANG_WARN_BOOL_CONVERSION = YES;
				CLANG_WARN_COMMA = YES;
				CLANG_WARN_CONSTANT_CONVERSION = YES;
				CLANG_WARN_DEPRECATED_OBJC_IMPLEMENTATIONS = YES;
				CLANG_WARN_DIRECT_OBJC_ISA_USAGE = YES_ERROR;
				CLANG_WARN_DOCUMENTATION_COMMENTS = YES;
				CLANG_WARN_EMPTY_BODY = YES;
				CLANG_WARN_ENUM_CONVERSION = YES;
				CLANG_WARN_INFINITE_RECURSION = YES;
				CLANG_WARN_INT_CONVERSION = YES;
				CLANG_WARN_NON_LITERAL_NULL_CONVERSION = YES;
				CLANG_WARN_OBJC_IMPLICIT_RETAIN_SELF = YES;
				CLANG_WARN_OBJC_LITERAL_CONVERSION = YES;
				CLANG_WARN_OBJC_ROOT_CLASS = YES_ERROR;
				CLANG_WARN_QUOTED_INCLUDE_IN_FRAMEWORK_HEADER = YES;
				CLANG_WARN_RANGE_LOOP_ANALYSIS = YES;
				CLANG_WARN_STRICT_PROTOTYPES = YES;
				CLANG_WARN_SUSPICIOUS_MOVE = YES;
				CLANG_WARN_UNGUARDED_AVAILABILITY = YES_AGGRESSIVE;
				CLANG_WARN_UNREACHABLE_CODE = YES;
				CLANG_WARN__DUPLICATE_METHOD_MATCH = YES;
				COPY_PHASE_STRIP = NO;
				DEBUG_INFORMATION_FORMAT = "dwarf-with-dsym";
				ENABLE_NS_ASSERTIONS = NO;
				ENABLE_STRICT_OBJC_MSGSEND = YES;
				GCC_C_LANGUAGE_STANDARD = gnu11;
				GCC_NO_COMMON_BLOCKS = YES;
				GCC_WARN_64_TO_32_BIT_CONVERSION = YES;
				GCC_WARN_ABOUT_RETURN_TYPE = YES_ERROR;
				GCC_WARN_UNDECLARED_SELECTOR = YES;
				GCC_WARN_UNINITIALIZED_AUTOS = YES_AGGRESSIVE;
				GCC_WARN_UNUSED_FUNCTION = YES;
				GCC_WARN_UNUSED_VARIABLE = YES;
				MACOSX_DEPLOYMENT_TARGET = 11.3;
				MTL_ENABLE_DEBUG_INFO = NO;
				MTL_FAST_MATH = YES;
				SDKROOT = macosx;
				SWIFT_COMPILATION_MODE = wholemodule;
				SWIFT_OPTIMIZATION_LEVEL = "-O";
			};
			name = Release;
		};
		669264BF26FFB34C0095706E /* Debug */ = {
			isa = XCBuildConfiguration;
			buildSettings = {
				ASSETCATALOG_COMPILER_APPICON_NAME = AppIcon;
				ASSETCATALOG_COMPILER_GLOBAL_ACCENT_COLOR_NAME = AccentColor;
				CODE_SIGN_ENTITLEMENTS = RAWExif/RAWExif.entitlements;
				CODE_SIGN_IDENTITY = "Apple Development";
				CODE_SIGN_STYLE = Automatic;
				COMBINE_HIDPI_IMAGES = YES;
				CURRENT_PROJECT_VERSION = 1;
				DEVELOPMENT_ASSET_PATHS = "\"RAWExif/Preview Content\"";
				DEVELOPMENT_TEAM = 58JLRGUCJQ;
				ENABLE_PREVIEWS = YES;
				GENERATE_INFOPLIST_FILE = YES;
				INFOPLIST_KEY_NSHumanReadableCopyright = "";
				INFOPLIST_KEY_NSPhotoLibraryUsageDescription = "Accesses photos in order to modify and delete them";
				LD_RUNPATH_SEARCH_PATHS = (
					"$(inherited)",
					"@executable_path/../Frameworks",
				);
				MACOSX_DEPLOYMENT_TARGET = 12.0;
				MARKETING_VERSION = 1.0;
				PRODUCT_BUNDLE_IDENTIFIER = com.appcannon.RAWExif;
				PRODUCT_NAME = "$(TARGET_NAME)";
				SWIFT_EMIT_LOC_STRINGS = YES;
				SWIFT_VERSION = 5.0;
			};
			name = Debug;
		};
		669264C026FFB34C0095706E /* Release */ = {
			isa = XCBuildConfiguration;
			buildSettings = {
				ASSETCATALOG_COMPILER_APPICON_NAME = AppIcon;
				ASSETCATALOG_COMPILER_GLOBAL_ACCENT_COLOR_NAME = AccentColor;
				CODE_SIGN_ENTITLEMENTS = RAWExif/RAWExif.entitlements;
				CODE_SIGN_IDENTITY = "Apple Development";
				CODE_SIGN_STYLE = Automatic;
				COMBINE_HIDPI_IMAGES = YES;
				CURRENT_PROJECT_VERSION = 1;
				DEVELOPMENT_ASSET_PATHS = "\"RAWExif/Preview Content\"";
				DEVELOPMENT_TEAM = 58JLRGUCJQ;
				ENABLE_PREVIEWS = YES;
				GENERATE_INFOPLIST_FILE = YES;
				INFOPLIST_KEY_NSHumanReadableCopyright = "";
				INFOPLIST_KEY_NSPhotoLibraryUsageDescription = "Accesses photos in order to modify and delete them";
				LD_RUNPATH_SEARCH_PATHS = (
					"$(inherited)",
					"@executable_path/../Frameworks",
				);
				MACOSX_DEPLOYMENT_TARGET = 12.0;
				MARKETING_VERSION = 1.0;
				PRODUCT_BUNDLE_IDENTIFIER = com.appcannon.RAWExif;
				PRODUCT_NAME = "$(TARGET_NAME)";
				SWIFT_EMIT_LOC_STRINGS = YES;
				SWIFT_VERSION = 5.0;
			};
			name = Release;
		};
/* End XCBuildConfiguration section */

/* Begin XCConfigurationList section */
		669264AA26FFB34A0095706E /* Build configuration list for PBXProject "RAWExif" */ = {
			isa = XCConfigurationList;
			buildConfigurations = (
				669264BC26FFB34C0095706E /* Debug */,
				669264BD26FFB34C0095706E /* Release */,
			);
			defaultConfigurationIsVisible = 0;
			defaultConfigurationName = Release;
		};
		669264BE26FFB34C0095706E /* Build configuration list for PBXNativeTarget "RAWExif" */ = {
			isa = XCConfigurationList;
			buildConfigurations = (
				669264BF26FFB34C0095706E /* Debug */,
				669264C026FFB34C0095706E /* Release */,
			);
			defaultConfigurationIsVisible = 0;
			defaultConfigurationName = Release;
		};
/* End XCConfigurationList section */

/* Begin XCRemoteSwiftPackageReference section */
		664EA7BE270131F200D41627 /* XCRemoteSwiftPackageReference "ExifTool" */ = {
			isa = XCRemoteSwiftPackageReference;
			repositoryURL = "https://github.com/agg23/ExifTool";
			requirement = {
				branch = writing;
				kind = branch;
			};
		};
/* End XCRemoteSwiftPackageReference section */

/* Begin XCSwiftPackageProductDependency section */
		664EA7BF270131F200D41627 /* ExifTool */ = {
			isa = XCSwiftPackageProductDependency;
			package = 664EA7BE270131F200D41627 /* XCRemoteSwiftPackageReference "ExifTool" */;
			productName = ExifTool;
		};
/* End XCSwiftPackageProductDependency section */
	};
	rootObject = 669264A726FFB34A0095706E /* Project object */;
}
